
Microsoft Visual Studio Solution File, Format Version 12.00
# Visual Studio Version 17
VisualStudioVersion = 17.3.32929.385
MinimumVisualStudioVersion = 10.0.40219.1
Project("{FAE04EC0-301F-11D3-BF4B-00C04F79EFBC}") = "FUELSTATION", "FUELSTATION\FUELSTATION.csproj", "{505DC0A4-7862-4C27-A955-25F9811F4FDD}"
EndProject
Global
	GlobalSection(SolutionConfigurationPlatforms) = preSolution
		Debug|Any CPU = Debug|Any CPU
		Release|Any CPU = Release|Any CPU
	EndGlobalSection
	GlobalSection(ProjectConfigurationPlatforms) = postSolution
		{505DC0A4-7862-4C27-A955-25F9811F4FDD}.Debug|Any CPU.ActiveCfg = Debug|Any CPU
		{505DC0A4-7862-4C27-A955-25F9811F4FDD}.Debug|Any CPU.Build.0 = Debug|Any CPU
		{505DC0A4-7862-4C27-A955-25F9811F4FDD}.Release|Any CPU.ActiveCfg = Release|Any CPU
		{505DC0A4-7862-4C27-A955-25F9811F4FDD}.Release|Any CPU.Build.0 = Release|Any CPU
	EndGlobalSection
	GlobalSection(SolutionProperties) = preSolution
		HideSolutionNode = FALSE
	EndGlobalSection
	GlobalSection(ExtensibilityGlobals) = postSolution
		SolutionGuid = {D59A2E7D-2280-4B09-AC59-1AC5353FB0C3}
	EndGlobalSection
EndGlobal
